# THIS IS AN AUTOGENERATED FILE. DO NOT EDIT THIS FILE DIRECTLY.
# yarn lockfile v1


clone@2.x:
  version "2.1.2"
  resolved "https://registry.npmjs.org/clone/-/clone-2.1.2.tgz#1b7f4b9f591f1e8f83670401600345a02887435f"
  integrity sha1-G39Ln1kfHo+DZwQBYANFoCiHQ18=

node-cache@^5.1.0:
  version "5.1.0"
  resolved "https://registry.npmjs.org/node-cache/-/node-cache-5.1.0.tgz#266786c28dcec0fd34385ee29c383e6d6f1aa5de"
  integrity sha512-gFQwYdoOztBuPlwg6DKQEf50G+gkK69aqLnw4djkmlHCzeVrLJfwvg9xl4RCAGviTIMUVoqcyoZ/V/wPEu/VVg==
  dependencies:
    clone "2.x"
